// !$*UTF8*$!
{
	archiveVersion = 1;
	classes = {
	};
	objectVersion = 55;
	objects = {

/* Begin PBXBuildFile section */
		AF06C15B2974C5CC0063D55A /* DataManager.swift in Sources */ = {isa = PBXBuildFile; fileRef = AF06C15A2974C5CC0063D55A /* DataManager.swift */; };
		AF06C15D2974C5E10063D55A /* Establishment.swift in Sources */ = {isa = PBXBuildFile; fileRef = AF06C15C2974C5E10063D55A /* Establishment.swift */; };
		AF06C15F2974C79A0063D55A /* EstablishmentListViewController.swift in Sources */ = {isa = PBXBuildFile; fileRef = AF06C15E2974C79A0063D55A /* EstablishmentListViewController.swift */; };
		AF06C1612974CA340063D55A /* EstablishmentRow.swift in Sources */ = {isa = PBXBuildFile; fileRef = AF06C1602974CA340063D55A /* EstablishmentRow.swift */; };
		AF06C1652974D9B20063D55A /* UIView+Extension.swift in Sources */ = {isa = PBXBuildFile; fileRef = AF06C1642974D9B20063D55A /* UIView+Extension.swift */; };
		AF06C1692974DDE30063D55A /* OnboardingViewController.swift in Sources */ = {isa = PBXBuildFile; fileRef = AF06C1662974DDE30063D55A /* OnboardingViewController.swift */; };
		AF06C16A2974DDE30063D55A /* OnboardingCollectionViewCell.swift in Sources */ = {isa = PBXBuildFile; fileRef = AF06C1672974DDE30063D55A /* OnboardingCollectionViewCell.swift */; };
		AF06C16B2974DDE30063D55A /* OnboardingSlide.swift in Sources */ = {isa = PBXBuildFile; fileRef = AF06C1682974DDE30063D55A /* OnboardingSlide.swift */; };
		AF0D720A2975C348000968A3 /* AddEstablishmentViewController.swift in Sources */ = {isa = PBXBuildFile; fileRef = AF0D72092975C348000968A3 /* AddEstablishmentViewController.swift */; };
		AF0FB17429754B20008734F8 /* EstablishmentDetailedViewController.swift in Sources */ = {isa = PBXBuildFile; fileRef = AF0FB17329754B20008734F8 /* EstablishmentDetailedViewController.swift */; };
		AF0FB1762975693F008734F8 /* EmployeesViewController.swift in Sources */ = {isa = PBXBuildFile; fileRef = AF0FB1752975693F008734F8 /* EmployeesViewController.swift */; };
		AF9B19722974B78300A04DBA /* AppDelegate.swift in Sources */ = {isa = PBXBuildFile; fileRef = AF9B19712974B78300A04DBA /* AppDelegate.swift */; };
		AF9B19742974B78300A04DBA /* SceneDelegate.swift in Sources */ = {isa = PBXBuildFile; fileRef = AF9B19732974B78300A04DBA /* SceneDelegate.swift */; };
		AF9B19762974B78300A04DBA /* ViewController.swift in Sources */ = {isa = PBXBuildFile; fileRef = AF9B19752974B78300A04DBA /* ViewController.swift */; };
		AF9B19792974B78300A04DBA /* Main.storyboard in Resources */ = {isa = PBXBuildFile; fileRef = AF9B19772974B78300A04DBA /* Main.storyboard */; };
		AF9B197B2974B78400A04DBA /* Assets.xcassets in Resources */ = {isa = PBXBuildFile; fileRef = AF9B197A2974B78400A04DBA /* Assets.xcassets */; };
		AF9B197E2974B78400A04DBA /* LaunchScreen.storyboard in Resources */ = {isa = PBXBuildFile; fileRef = AF9B197C2974B78400A04DBA /* LaunchScreen.storyboard */; };
		AFF6058829761B1600205792 /* GraphicsViewController.swift in Sources */ = {isa = PBXBuildFile; fileRef = AFF6058729761B1600205792 /* GraphicsViewController.swift */; };
/* End PBXBuildFile section */

/* Begin PBXFileReference section */
		AF06C15A2974C5CC0063D55A /* DataManager.swift */ = {isa = PBXFileReference; lastKnownFileType = sourcecode.swift; path = DataManager.swift; sourceTree = "<group>"; };
		AF06C15C2974C5E10063D55A /* Establishment.swift */ = {isa = PBXFileReference; lastKnownFileType = sourcecode.swift; path = Establishment.swift; sourceTree = "<group>"; };
		AF06C15E2974C79A0063D55A /* EstablishmentListViewController.swift */ = {isa = PBXFileReference; lastKnownFileType = sourcecode.swift; path = EstablishmentListViewController.swift; sourceTree = "<group>"; };
		AF06C1602974CA340063D55A /* EstablishmentRow.swift */ = {isa = PBXFileReference; lastKnownFileType = sourcecode.swift; path = EstablishmentRow.swift; sourceTree = "<group>"; };
		AF06C1642974D9B20063D55A /* UIView+Extension.swift */ = {isa = PBXFileReference; fileEncoding = 4; lastKnownFileType = sourcecode.swift; path = "UIView+Extension.swift"; sourceTree = "<group>"; };
		AF06C1662974DDE30063D55A /* OnboardingViewController.swift */ = {isa = PBXFileReference; fileEncoding = 4; lastKnownFileType = sourcecode.swift; path = OnboardingViewController.swift; sourceTree = "<group>"; };
		AF06C1672974DDE30063D55A /* OnboardingCollectionViewCell.swift */ = {isa = PBXFileReference; fileEncoding = 4; lastKnownFileType = sourcecode.swift; path = OnboardingCollectionViewCell.swift; sourceTree = "<group>"; };
		AF06C1682974DDE30063D55A /* OnboardingSlide.swift */ = {isa = PBXFileReference; fileEncoding = 4; lastKnownFileType = sourcecode.swift; path = OnboardingSlide.swift; sourceTree = "<group>"; };
		AF0D72092975C348000968A3 /* AddEstablishmentViewController.swift */ = {isa = PBXFileReference; lastKnownFileType = sourcecode.swift; path = AddEstablishmentViewController.swift; sourceTree = "<group>"; };
		AF0FB17329754B20008734F8 /* EstablishmentDetailedViewController.swift */ = {isa = PBXFileReference; lastKnownFileType = sourcecode.swift; path = EstablishmentDetailedViewController.swift; sourceTree = "<group>"; };
		AF0FB1752975693F008734F8 /* EmployeesViewController.swift */ = {isa = PBXFileReference; lastKnownFileType = sourcecode.swift; path = EmployeesViewController.swift; sourceTree = "<group>"; };
		AF9B196E2974B78300A04DBA /* RaiseCompanyApp.app */ = {isa = PBXFileReference; explicitFileType = wrapper.application; includeInIndex = 0; path = RaiseCompanyApp.app; sourceTree = BUILT_PRODUCTS_DIR; };
		AF9B19712974B78300A04DBA /* AppDelegate.swift */ = {isa = PBXFileReference; lastKnownFileType = sourcecode.swift; path = AppDelegate.swift; sourceTree = "<group>"; };
		AF9B19732974B78300A04DBA /* SceneDelegate.swift */ = {isa = PBXFileReference; lastKnownFileType = sourcecode.swift; path = SceneDelegate.swift; sourceTree = "<group>"; };
		AF9B19752974B78300A04DBA /* ViewController.swift */ = {isa = PBXFileReference; lastKnownFileType = sourcecode.swift; path = ViewController.swift; sourceTree = "<group>"; };
		AF9B19782974B78300A04DBA /* Base */ = {isa = PBXFileReference; lastKnownFileType = file.storyboard; name = Base; path = Base.lproj/Main.storyboard; sourceTree = "<group>"; };
		AF9B197A2974B78400A04DBA /* Assets.xcassets */ = {isa = PBXFileReference; lastKnownFileType = folder.assetcatalog; path = Assets.xcassets; sourceTree = "<group>"; };
		AF9B197D2974B78400A04DBA /* Base */ = {isa = PBXFileReference; lastKnownFileType = file.storyboard; name = Base; path = Base.lproj/LaunchScreen.storyboard; sourceTree = "<group>"; };
		AF9B197F2974B78400A04DBA /* Info.plist */ = {isa = PBXFileReference; lastKnownFileType = text.plist.xml; path = Info.plist; sourceTree = "<group>"; };
		AFF6058729761B1600205792 /* GraphicsViewController.swift */ = {isa = PBXFileReference; lastKnownFileType = sourcecode.swift; path = GraphicsViewController.swift; sourceTree = "<group>"; };
/* End PBXFileReference section */

/* Begin PBXFrameworksBuildPhase section */
		AF9B196B2974B78300A04DBA /* Frameworks */ = {
			isa = PBXFrameworksBuildPhase;
			buildActionMask = 2147483647;
			files = (
			);
			runOnlyForDeploymentPostprocessing = 0;
		};
/* End PBXFrameworksBuildPhase section */

/* Begin PBXGroup section */
		AF9B19652974B78300A04DBA = {
			isa = PBXGroup;
			children = (
				AF9B19702974B78300A04DBA /* RaiseCompanyApp */,
				AF9B196F2974B78300A04DBA /* Products */,
			);
			sourceTree = "<group>";
		};
		AF9B196F2974B78300A04DBA /* Products */ = {
			isa = PBXGroup;
			children = (
				AF9B196E2974B78300A04DBA /* RaiseCompanyApp.app */,
			);
			name = Products;
			sourceTree = "<group>";
		};
		AF9B19702974B78300A04DBA /* RaiseCompanyApp */ = {
			isa = PBXGroup;
			children = (
				AF9B19712974B78300A04DBA /* AppDelegate.swift */,
				AF9B19732974B78300A04DBA /* SceneDelegate.swift */,
				AF9B19752974B78300A04DBA /* ViewController.swift */,
				AF9B19772974B78300A04DBA /* Main.storyboard */,
				AFF6058729761B1600205792 /* GraphicsViewController.swift */,
				AF0D72092975C348000968A3 /* AddEstablishmentViewController.swift */,
				AF0FB1752975693F008734F8 /* EmployeesViewController.swift */,
				AF0FB17329754B20008734F8 /* EstablishmentDetailedViewController.swift */,
				AF06C1602974CA340063D55A /* EstablishmentRow.swift */,
				AF06C15A2974C5CC0063D55A /* DataManager.swift */,
				AF06C15E2974C79A0063D55A /* EstablishmentListViewController.swift */,
				AF06C15C2974C5E10063D55A /* Establishment.swift */,
				AF9B197A2974B78400A04DBA /* Assets.xcassets */,
				AF9B197C2974B78400A04DBA /* LaunchScreen.storyboard */,
				AF9B197F2974B78400A04DBA /* Info.plist */,
				AF06C1642974D9B20063D55A /* UIView+Extension.swift */,
				AF06C1672974DDE30063D55A /* OnboardingCollectionViewCell.swift */,
				AF06C1682974DDE30063D55A /* OnboardingSlide.swift */,
				AF06C1662974DDE30063D55A /* OnboardingViewController.swift */,
			);
			path = RaiseCompanyApp;
			sourceTree = "<group>";
		};
/* End PBXGroup section */

/* Begin PBXNativeTarget section */
		AF9B196D2974B78300A04DBA /* RaiseCompanyApp */ = {
			isa = PBXNativeTarget;
			buildConfigurationList = AF9B19822974B78400A04DBA /* Build configuration list for PBXNativeTarget "RaiseCompanyApp" */;
			buildPhases = (
				AF9B196A2974B78300A04DBA /* Sources */,
				AF9B196B2974B78300A04DBA /* Frameworks */,
				AF9B196C2974B78300A04DBA /* Resources */,
			);
			buildRules = (
			);
			dependencies = (
			);
			name = RaiseCompanyApp;
			productName = RaiseCompanyApp;
			productReference = AF9B196E2974B78300A04DBA /* RaiseCompanyApp.app */;
			productType = "com.apple.product-type.application";
		};
/* End PBXNativeTarget section */

/* Begin PBXProject section */
		AF9B19662974B78300A04DBA /* Project object */ = {
			isa = PBXProject;
			attributes = {
				BuildIndependentTargetsInParallel = 1;
				LastSwiftUpdateCheck = 1420;
				LastUpgradeCheck = 1420;
				TargetAttributes = {
					AF9B196D2974B78300A04DBA = {
						CreatedOnToolsVersion = 14.2;
					};
				};
			};
			buildConfigurationList = AF9B19692974B78300A04DBA /* Build configuration list for PBXProject "RaiseCompanyApp" */;
			compatibilityVersion = "Xcode 13.0";
			developmentRegion = en;
			hasScannedForEncodings = 0;
			knownRegions = (
				en,
				Base,
			);
			mainGroup = AF9B19652974B78300A04DBA;
			productRefGroup = AF9B196F2974B78300A04DBA /* Products */;
			projectDirPath = "";
			projectRoot = "";
			targets = (
				AF9B196D2974B78300A04DBA /* RaiseCompanyApp */,
			);
		};
/* End PBXProject section */

/* Begin PBXResourcesBuildPhase section */
		AF9B196C2974B78300A04DBA /* Resources */ = {
			isa = PBXResourcesBuildPhase;
			buildActionMask = 2147483647;
			files = (
				AF9B197E2974B78400A04DBA /* LaunchScreen.storyboard in Resources */,
				AF9B197B2974B78400A04DBA /* Assets.xcassets in Resources */,
				AF9B19792974B78300A04DBA /* Main.storyboard in Resources */,
			);
			runOnlyForDeploymentPostprocessing = 0;
		};
/* End PBXResourcesBuildPhase section */

/* Begin PBXSourcesBuildPhase section */
		AF9B196A2974B78300A04DBA /* Sources */ = {
			isa = PBXSourcesBuildPhase;
			buildActionMask = 2147483647;
			files = (
				AF06C15D2974C5E10063D55A /* Establishment.swift in Sources */,
				AF06C1612974CA340063D55A /* EstablishmentRow.swift in Sources */,
				AF0FB17429754B20008734F8 /* EstablishmentDetailedViewController.swift in Sources */,
				AF06C1652974D9B20063D55A /* UIView+Extension.swift in Sources */,
				AF9B19762974B78300A04DBA /* ViewController.swift in Sources */,
				AF06C15B2974C5CC0063D55A /* DataManager.swift in Sources */,
				AF0D720A2975C348000968A3 /* AddEstablishmentViewController.swift in Sources */,
				AF9B19722974B78300A04DBA /* AppDelegate.swift in Sources */,
				AF0FB1762975693F008734F8 /* EmployeesViewController.swift in Sources */,
				AF06C15F2974C79A0063D55A /* EstablishmentListViewController.swift in Sources */,
				AF06C16A2974DDE30063D55A /* OnboardingCollectionViewCell.swift in Sources */,
				AF06C1692974DDE30063D55A /* OnboardingViewController.swift in Sources */,
				AF9B19742974B78300A04DBA /* SceneDelegate.swift in Sources */,
				AF06C16B2974DDE30063D55A /* OnboardingSlide.swift in Sources */,
				AFF6058829761B1600205792 /* GraphicsViewController.swift in Sources */,
			);
			runOnlyForDeploymentPostprocessing = 0;
		};
/* End PBXSourcesBuildPhase section */

/* Begin PBXVariantGroup section */
		AF9B19772974B78300A04DBA /* Main.storyboard */ = {
			isa = PBXVariantGroup;
			children = (
				AF9B19782974B78300A04DBA /* Base */,
			);
			name = Main.storyboard;
			sourceTree = "<group>";
		};
		AF9B197C2974B78400A04DBA /* LaunchScreen.storyboard */ = {
			isa = PBXVariantGroup;
			children = (
				AF9B197D2974B78400A04DBA /* Base */,
			);
			name = LaunchScreen.storyboard;
			sourceTree = "<group>";
		};
/* End PBXVariantGroup section */

/* Begin XCBuildConfiguration section */
		AF9B19802974B78400A04DBA /* Debug */ = {
			isa = XCBuildConfiguration;
			buildSettings = {
				ALWAYS_SEARCH_USER_PATHS = NO;
				CLANG_ANALYZER_NONNULL = YES;
				CLANG_ANALYZER_NUMBER_OBJECT_CONVERSION = YES_AGGRESSIVE;
				CLANG_CXX_LANGUAGE_STANDARD = "gnu++20";
				CLANG_ENABLE_MODULES = YES;
				CLANG_ENABLE_OBJC_ARC = YES;
				CLANG_ENABLE_OBJC_WEAK = YES;
				CLANG_WARN_BLOCK_CAPTURE_AUTORELEASING = YES;
				CLANG_WARN_BOOL_CONVERSION = YES;
				CLANG_WARN_COMMA = YES;
				CLANG_WARN_CONSTANT_CONVERSION = YES;
				CLANG_WARN_DEPRECATED_OBJC_IMPLEMENTATIONS = YES;
				CLANG_WARN_DIRECT_OBJC_ISA_USAGE = YES_ERROR;
				CLANG_WARN_DOCUMENTATION_COMMENTS = YES;
				CLANG_WARN_EMPTY_BODY = YES;
				CLANG_WARN_ENUM_CONVERSION = YES;
				CLANG_WARN_INFINITE_RECURSION = YES;
				CLANG_WARN_INT_CONVERSION = YES;
				CLANG_WARN_NON_LITERAL_NULL_CONVERSION = YES;
				CLANG_WARN_OBJC_IMPLICIT_RETAIN_SELF = YES;
				CLANG_WARN_OBJC_LITERAL_CONVERSION = YES;
				CLANG_WARN_OBJC_ROOT_CLASS = YES_ERROR;
				CLANG_WARN_QUOTED_INCLUDE_IN_FRAMEWORK_HEADER = YES;
				CLANG_WARN_RANGE_LOOP_ANALYSIS = YES;
				CLANG_WARN_STRICT_PROTOTYPES = YES;
				CLANG_WARN_SUSPICIOUS_MOVE = YES;
				CLANG_WARN_UNGUARDED_AVAILABILITY = YES_AGGRESSIVE;
				CLANG_WARN_UNREACHABLE_CODE = YES;
				CLANG_WARN__DUPLICATE_METHOD_MATCH = YES;
				COPY_PHASE_STRIP = NO;
				DEBUG_INFORMATION_FORMAT = dwarf;
				ENABLE_STRICT_OBJC_MSGSEND = YES;
				ENABLE_TESTABILITY = YES;
				GCC_C_LANGUAGE_STANDARD = gnu11;
				GCC_DYNAMIC_NO_PIC = NO;
				GCC_NO_COMMON_BLOCKS = YES;
				GCC_OPTIMIZATION_LEVEL = 0;
				GCC_PREPROCESSOR_DEFINITIONS = (
					"DEBUG=1",
					"$(inherited)",
				);
				GCC_WARN_64_TO_32_BIT_CONVERSION = YES;
				GCC_WARN_ABOUT_RETURN_TYPE = YES_ERROR;
				GCC_WARN_UNDECLARED_SELECTOR = YES;
				GCC_WARN_UNINITIALIZED_AUTOS = YES_AGGRESSIVE;
				GCC_WARN_UNUSED_FUNCTION = YES;
				GCC_WARN_UNUSED_VARIABLE = YES;
				IPHONEOS_DEPLOYMENT_TARGET = 16.2;
				MTL_ENABLE_DEBUG_INFO = INCLUDE_SOURCE;
				MTL_FAST_MATH = YES;
				ONLY_ACTIVE_ARCH = YES;
				SDKROOT = iphoneos;
				SWIFT_ACTIVE_COMPILATION_CONDITIONS = DEBUG;
				SWIFT_OPTIMIZATION_LEVEL = "-Onone";
			};
			name = Debug;
		};
		AF9B19812974B78400A04DBA /* Release */ = {
			isa = XCBuildConfiguration;
			buildSettings = {
				ALWAYS_SEARCH_USER_PATHS = NO;
				CLANG_ANALYZER_NONNULL = YES;
				CLANG_ANALYZER_NUMBER_OBJECT_CONVERSION = YES_AGGRESSIVE;
				CLANG_CXX_LANGUAGE_STANDARD = "gnu++20";
				CLANG_ENABLE_MODULES = YES;
				CLANG_ENABLE_OBJC_ARC = YES;
				CLANG_ENABLE_OBJC_WEAK = YES;
				CLANG_WARN_BLOCK_CAPTURE_AUTORELEASING = YES;
				CLANG_WARN_BOOL_CONVERSION = YES;
				CLANG_WARN_COMMA = YES;
				CLANG_WARN_CONSTANT_CONVERSION = YES;
				CLANG_WARN_DEPRECATED_OBJC_IMPLEMENTATIONS = YES;
				CLANG_WARN_DIRECT_OBJC_ISA_USAGE = YES_ERROR;
				CLANG_WARN_DOCUMENTATION_COMMENTS = YES;
				CLANG_WARN_EMPTY_BODY = YES;
				CLANG_WARN_ENUM_CONVERSION = YES;
				CLANG_WARN_INFINITE_RECURSION = YES;
				CLANG_WARN_INT_CONVERSION = YES;
				CLANG_WARN_NON_LITERAL_NULL_CONVERSION = YES;
				CLANG_WARN_OBJC_IMPLICIT_RETAIN_SELF = YES;
				CLANG_WARN_OBJC_LITERAL_CONVERSION = YES;
				CLANG_WARN_OBJC_ROOT_CLASS = YES_ERROR;
				CLANG_WARN_QUOTED_INCLUDE_IN_FRAMEWORK_HEADER = YES;
				CLANG_WARN_RANGE_LOOP_ANALYSIS = YES;
				CLANG_WARN_STRICT_PROTOTYPES = YES;
				CLANG_WARN_SUSPICIOUS_MOVE = YES;
				CLANG_WARN_UNGUARDED_AVAILABILITY = YES_AGGRESSIVE;
				CLANG_WARN_UNREACHABLE_CODE = YES;
				CLANG_WARN__DUPLICATE_METHOD_MATCH = YES;
				COPY_PHASE_STRIP = NO;
				DEBUG_INFORMATION_FORMAT = "dwarf-with-dsym";
				ENABLE_NS_ASSERTIONS = NO;
				ENABLE_STRICT_OBJC_MSGSEND = YES;
				GCC_C_LANGUAGE_STANDARD = gnu11;
				GCC_NO_COMMON_BLOCKS = YES;
				GCC_WARN_64_TO_32_BIT_CONVERSION = YES;
				GCC_WARN_ABOUT_RETURN_TYPE = YES_ERROR;
				GCC_WARN_UNDECLARED_SELECTOR = YES;
				GCC_WARN_UNINITIALIZED_AUTOS = YES_AGGRESSIVE;
				GCC_WARN_UNUSED_FUNCTION = YES;
				GCC_WARN_UNUSED_VARIABLE = YES;
				IPHONEOS_DEPLOYMENT_TARGET = 16.2;
				MTL_ENABLE_DEBUG_INFO = NO;
				MTL_FAST_MATH = YES;
				SDKROOT = iphoneos;
				SWIFT_COMPILATION_MODE = wholemodule;
				SWIFT_OPTIMIZATION_LEVEL = "-O";
				VALIDATE_PRODUCT = YES;
			};
			name = Release;
		};
		AF9B19832974B78400A04DBA /* Debug */ = {
			isa = XCBuildConfiguration;
			buildSettings = {
				ASSETCATALOG_COMPILER_APPICON_NAME = AppIcon;
				ASSETCATALOG_COMPILER_GLOBAL_ACCENT_COLOR_NAME = AccentColor;
				CODE_SIGN_STYLE = Automatic;
				CURRENT_PROJECT_VERSION = 1;
				DEVELOPMENT_TEAM = M6SJULPZBG;
				GENERATE_INFOPLIST_FILE = YES;
				INFOPLIST_FILE = RaiseCompanyApp/Info.plist;
				INFOPLIST_KEY_UIApplicationSupportsIndirectInputEvents = YES;
				INFOPLIST_KEY_UILaunchStoryboardName = LaunchScreen;
				INFOPLIST_KEY_UIMainStoryboardFile = Main;
				INFOPLIST_KEY_UISupportedInterfaceOrientations_iPad = "UIInterfaceOrientationPortrait UIInterfaceOrientationPortraitUpsideDown UIInterfaceOrientationLandscapeLeft UIInterfaceOrientationLandscapeRight";
				INFOPLIST_KEY_UISupportedInterfaceOrientations_iPhone = "UIInterfaceOrientationPortrait UIInterfaceOrientationLandscapeLeft UIInterfaceOrientationLandscapeRight";
				IPHONEOS_DEPLOYMENT_TARGET = 15.5;
				LD_RUNPATH_SEARCH_PATHS = (
					"$(inherited)",
					"@executable_path/Frameworks",
				);
				MARKETING_VERSION = 1.0;
				PRODUCT_BUNDLE_IDENTIFIER = com.albamei.RaiseCompanyApp;
				PRODUCT_NAME = "$(TARGET_NAME)";
				SWIFT_EMIT_LOC_STRINGS = YES;
				SWIFT_VERSION = 5.0;
				TARGETED_DEVICE_FAMILY = "1,2";
			};
			name = Debug;
		};
		AF9B19842974B78400A04DBA /* Release */ = {
			isa = XCBuildConfiguration;
			buildSettings = {
				ASSETCATALOG_COMPILER_APPICON_NAME = AppIcon;
				ASSETCATALOG_COMPILER_GLOBAL_ACCENT_COLOR_NAME = AccentColor;
				CODE_SIGN_STYLE = Automatic;
				CURRENT_PROJECT_VERSION = 1;
				DEVELOPMENT_TEAM = M6SJULPZBG;
				GENERATE_INFOPLIST_FILE = YES;
				INFOPLIST_FILE = RaiseCompanyApp/Info.plist;
				INFOPLIST_KEY_UIApplicationSupportsIndirectInputEvents = YES;
				INFOPLIST_KEY_UILaunchStoryboardName = LaunchScreen;
				INFOPLIST_KEY_UIMainStoryboardFile = Main;
				INFOPLIST_KEY_UISupportedInterfaceOrientations_iPad = "UIInterfaceOrientationPortrait UIInterfaceOrientationPortraitUpsideDown UIInterfaceOrientationLandscapeLeft UIInterfaceOrientationLandscapeRight";
				INFOPLIST_KEY_UISupportedInterfaceOrientations_iPhone = "UIInterfaceOrientationPortrait UIInterfaceOrientationLandscapeLeft UIInterfaceOrientationLandscapeRight";
				IPHONEOS_DEPLOYMENT_TARGET = 15.5;
				LD_RUNPATH_SEARCH_PATHS = (
					"$(inherited)",
					"@executable_path/Frameworks",
				);
				MARKETING_VERSION = 1.0;
				PRODUCT_BUNDLE_IDENTIFIER = com.albamei.RaiseCompanyApp;
				PRODUCT_NAME = "$(TARGET_NAME)";
				SWIFT_EMIT_LOC_STRINGS = YES;
				SWIFT_VERSION = 5.0;
				TARGETED_DEVICE_FAMILY = "1,2";
			};
			name = Release;
		};
/* End XCBuildConfiguration section */

/* Begin XCConfigurationList section */
		AF9B19692974B78300A04DBA /* Build configuration list for PBXProject "RaiseCompanyApp" */ = {
			isa = XCConfigurationList;
			buildConfigurations = (
				AF9B19802974B78400A04DBA /* Debug */,
				AF9B19812974B78400A04DBA /* Release */,
			);
			defaultConfigurationIsVisible = 0;
			defaultConfigurationName = Release;
		};
		AF9B19822974B78400A04DBA /* Build configuration list for PBXNativeTarget "RaiseCompanyApp" */ = {
			isa = XCConfigurationList;
			buildConfigurations = (
				AF9B19832974B78400A04DBA /* Debug */,
				AF9B19842974B78400A04DBA /* Release */,
			);
			defaultConfigurationIsVisible = 0;
			defaultConfigurationName = Release;
		};
/* End XCConfigurationList section */
	};
	rootObject = AF9B19662974B78300A04DBA /* Project object */;
}
