// !$*UTF8*$!
{
	archiveVersion = 1;
	classes = {
	};
	objectVersion = 55;
	objects = {

/* Begin PBXBuildFile section */
		896A1FBCAA15B2A3F74A8706 /* Pods_RaiseCompanyApp.framework in Frameworks */ = {isa = PBXBuildFile; fileRef = 3288570F4B36C202CF50B9DC /* Pods_RaiseCompanyApp.framework */; };
		AF04C0EA2981E5D00007FF2C /* AddEstablishmentViewController.swift in Sources */ = {isa = PBXBuildFile; fileRef = AF04C0E92981E5D00007FF2C /* AddEstablishmentViewController.swift */; };
		AF06C1652974D9B20063D55A /* UIView+Extension.swift in Sources */ = {isa = PBXBuildFile; fileRef = AF06C1642974D9B20063D55A /* UIView+Extension.swift */; };
		AF06C1692974DDE30063D55A /* OnboardingViewController.swift in Sources */ = {isa = PBXBuildFile; fileRef = AF06C1662974DDE30063D55A /* OnboardingViewController.swift */; };
		AF06C16A2974DDE30063D55A /* OnboardingCollectionViewCell.swift in Sources */ = {isa = PBXBuildFile; fileRef = AF06C1672974DDE30063D55A /* OnboardingCollectionViewCell.swift */; };
		AF06C16B2974DDE30063D55A /* OnboardingSlide.swift in Sources */ = {isa = PBXBuildFile; fileRef = AF06C1682974DDE30063D55A /* OnboardingSlide.swift */; };
		AF121794298EAD3E007E4318 /* EmployeesListViewController.swift in Sources */ = {isa = PBXBuildFile; fileRef = AF121793298EAD3E007E4318 /* EmployeesListViewController.swift */; };
		AF121796298FDCF6007E4318 /* SquareEmloyeeCollectionViewCell.swift in Sources */ = {isa = PBXBuildFile; fileRef = AF121795298FDCF6007E4318 /* SquareEmloyeeCollectionViewCell.swift */; };
		AF1217982990061D007E4318 /* AddEmployeeViewController.swift in Sources */ = {isa = PBXBuildFile; fileRef = AF1217972990061D007E4318 /* AddEmployeeViewController.swift */; };
		AF12179A29903D27007E4318 /* LogInViewController.swift in Sources */ = {isa = PBXBuildFile; fileRef = AF12179929903D27007E4318 /* LogInViewController.swift */; };
		AF3323EB298AF4AC00C7065F /* EmployeeCollectionViewCell.swift in Sources */ = {isa = PBXBuildFile; fileRef = AF3323EA298AF4AC00C7065F /* EmployeeCollectionViewCell.swift */; };
		AF405484298BBFF800D0320F /* ReviewsListViewController.swift in Sources */ = {isa = PBXBuildFile; fileRef = AF405483298BBFF800D0320F /* ReviewsListViewController.swift */; };
		AF405488298BD85800D0320F /* IncidentsViewController.swift in Sources */ = {isa = PBXBuildFile; fileRef = AF405487298BD85800D0320F /* IncidentsViewController.swift */; };
		AF40548A298BE2C100D0320F /* EstablishmentTableViewCell.swift in Sources */ = {isa = PBXBuildFile; fileRef = AF405489298BE2C100D0320F /* EstablishmentTableViewCell.swift */; };
		AF4403DA298094EA008014E6 /* EstablishmentsListViewController.swift in Sources */ = {isa = PBXBuildFile; fileRef = AF4403D9298094EA008014E6 /* EstablishmentsListViewController.swift */; };
		AF45A1F629A6191400C8A71C /* MyProfileViewController.swift in Sources */ = {isa = PBXBuildFile; fileRef = AF45A1F529A6191400C8A71C /* MyProfileViewController.swift */; };
		AF6BEF0829AA7B56003ABD05 /* Onboarding.storyboard in Resources */ = {isa = PBXBuildFile; fileRef = AF6BEF0729AA7B56003ABD05 /* Onboarding.storyboard */; };
		AF891A9D29A17B2F00F87EE5 /* EditEstablishmentViewController.swift in Sources */ = {isa = PBXBuildFile; fileRef = AF891A9C29A17B2F00F87EE5 /* EditEstablishmentViewController.swift */; };
		AF8DBE9E29A4BD2E002D2F1B /* EmployeeDetailViewController.swift in Sources */ = {isa = PBXBuildFile; fileRef = AF8DBE9D29A4BD2D002D2F1B /* EmployeeDetailViewController.swift */; };
		AF91B18F298BB8DB00C87A21 /* Review.swift in Sources */ = {isa = PBXBuildFile; fileRef = AF91B18E298BB8DB00C87A21 /* Review.swift */; };
		AF9B19722974B78300A04DBA /* AppDelegate.swift in Sources */ = {isa = PBXBuildFile; fileRef = AF9B19712974B78300A04DBA /* AppDelegate.swift */; };
		AF9B19742974B78300A04DBA /* SceneDelegate.swift in Sources */ = {isa = PBXBuildFile; fileRef = AF9B19732974B78300A04DBA /* SceneDelegate.swift */; };
		AF9B19792974B78300A04DBA /* Main.storyboard in Resources */ = {isa = PBXBuildFile; fileRef = AF9B19772974B78300A04DBA /* Main.storyboard */; };
		AF9B197B2974B78400A04DBA /* Assets.xcassets in Resources */ = {isa = PBXBuildFile; fileRef = AF9B197A2974B78400A04DBA /* Assets.xcassets */; };
		AF9B197E2974B78400A04DBA /* LaunchScreen.storyboard in Resources */ = {isa = PBXBuildFile; fileRef = AF9B197C2974B78400A04DBA /* LaunchScreen.storyboard */; };
		AFBC0E50298AC9BA0002DDFC /* EstablishmentDetailViewController.swift in Sources */ = {isa = PBXBuildFile; fileRef = AFBC0E4F298AC9BA0002DDFC /* EstablishmentDetailViewController.swift */; };
		AFC74F51299ACA8600AE7805 /* Employee.swift in Sources */ = {isa = PBXBuildFile; fileRef = AFC74F50299ACA8600AE7805 /* Employee.swift */; };
		AFCF1369298A607100934EA4 /* Establishment.swift in Sources */ = {isa = PBXBuildFile; fileRef = AFCF1368298A607100934EA4 /* Establishment.swift */; };
		AFE2782029AAA6170008CFEC /* EditEmployeeViewController.swift in Sources */ = {isa = PBXBuildFile; fileRef = AFE2781F29AAA6170008CFEC /* EditEmployeeViewController.swift */; };
		AFFCD1EA299C203000017629 /* ApiManager.swift in Sources */ = {isa = PBXBuildFile; fileRef = AFFCD1E9299C203000017629 /* ApiManager.swift */; };
/* End PBXBuildFile section */

/* Begin PBXFileReference section */
		3288570F4B36C202CF50B9DC /* Pods_RaiseCompanyApp.framework */ = {isa = PBXFileReference; explicitFileType = wrapper.framework; includeInIndex = 0; path = Pods_RaiseCompanyApp.framework; sourceTree = BUILT_PRODUCTS_DIR; };
		641A4E71A63F44005F9A3D0C /* Pods-RaiseCompanyApp.release.xcconfig */ = {isa = PBXFileReference; includeInIndex = 1; lastKnownFileType = text.xcconfig; name = "Pods-RaiseCompanyApp.release.xcconfig"; path = "Target Support Files/Pods-RaiseCompanyApp/Pods-RaiseCompanyApp.release.xcconfig"; sourceTree = "<group>"; };
		AF04C0E92981E5D00007FF2C /* AddEstablishmentViewController.swift */ = {isa = PBXFileReference; lastKnownFileType = sourcecode.swift; path = AddEstablishmentViewController.swift; sourceTree = "<group>"; };
		AF06C1642974D9B20063D55A /* UIView+Extension.swift */ = {isa = PBXFileReference; fileEncoding = 4; lastKnownFileType = sourcecode.swift; path = "UIView+Extension.swift"; sourceTree = "<group>"; };
		AF06C1662974DDE30063D55A /* OnboardingViewController.swift */ = {isa = PBXFileReference; fileEncoding = 4; lastKnownFileType = sourcecode.swift; path = OnboardingViewController.swift; sourceTree = "<group>"; };
		AF06C1672974DDE30063D55A /* OnboardingCollectionViewCell.swift */ = {isa = PBXFileReference; fileEncoding = 4; lastKnownFileType = sourcecode.swift; path = OnboardingCollectionViewCell.swift; sourceTree = "<group>"; };
		AF06C1682974DDE30063D55A /* OnboardingSlide.swift */ = {isa = PBXFileReference; fileEncoding = 4; lastKnownFileType = sourcecode.swift; path = OnboardingSlide.swift; sourceTree = "<group>"; };
		AF121793298EAD3E007E4318 /* EmployeesListViewController.swift */ = {isa = PBXFileReference; lastKnownFileType = sourcecode.swift; path = EmployeesListViewController.swift; sourceTree = "<group>"; };
		AF121795298FDCF6007E4318 /* SquareEmloyeeCollectionViewCell.swift */ = {isa = PBXFileReference; lastKnownFileType = sourcecode.swift; path = SquareEmloyeeCollectionViewCell.swift; sourceTree = "<group>"; };
		AF1217972990061D007E4318 /* AddEmployeeViewController.swift */ = {isa = PBXFileReference; lastKnownFileType = sourcecode.swift; path = AddEmployeeViewController.swift; sourceTree = "<group>"; };
		AF12179929903D27007E4318 /* LogInViewController.swift */ = {isa = PBXFileReference; lastKnownFileType = sourcecode.swift; path = LogInViewController.swift; sourceTree = "<group>"; };
		AF3323EA298AF4AC00C7065F /* EmployeeCollectionViewCell.swift */ = {isa = PBXFileReference; lastKnownFileType = sourcecode.swift; path = EmployeeCollectionViewCell.swift; sourceTree = "<group>"; };
		AF405483298BBFF800D0320F /* ReviewsListViewController.swift */ = {isa = PBXFileReference; lastKnownFileType = sourcecode.swift; path = ReviewsListViewController.swift; sourceTree = "<group>"; };
		AF405487298BD85800D0320F /* IncidentsViewController.swift */ = {isa = PBXFileReference; lastKnownFileType = sourcecode.swift; path = IncidentsViewController.swift; sourceTree = "<group>"; };
		AF405489298BE2C100D0320F /* EstablishmentTableViewCell.swift */ = {isa = PBXFileReference; lastKnownFileType = sourcecode.swift; path = EstablishmentTableViewCell.swift; sourceTree = "<group>"; };
		AF4403D9298094EA008014E6 /* EstablishmentsListViewController.swift */ = {isa = PBXFileReference; lastKnownFileType = sourcecode.swift; path = EstablishmentsListViewController.swift; sourceTree = "<group>"; };
		AF45A1F529A6191400C8A71C /* MyProfileViewController.swift */ = {isa = PBXFileReference; lastKnownFileType = sourcecode.swift; path = MyProfileViewController.swift; sourceTree = "<group>"; };
		AF6BEF0729AA7B56003ABD05 /* Onboarding.storyboard */ = {isa = PBXFileReference; lastKnownFileType = file.storyboard; path = Onboarding.storyboard; sourceTree = "<group>"; };
		AF891A9C29A17B2F00F87EE5 /* EditEstablishmentViewController.swift */ = {isa = PBXFileReference; lastKnownFileType = sourcecode.swift; path = EditEstablishmentViewController.swift; sourceTree = "<group>"; };
		AF8DBE9D29A4BD2D002D2F1B /* EmployeeDetailViewController.swift */ = {isa = PBXFileReference; lastKnownFileType = sourcecode.swift; path = EmployeeDetailViewController.swift; sourceTree = "<group>"; };
		AF91B18E298BB8DB00C87A21 /* Review.swift */ = {isa = PBXFileReference; lastKnownFileType = sourcecode.swift; path = Review.swift; sourceTree = "<group>"; };
		AF9B196E2974B78300A04DBA /* RaiseCompanyApp.app */ = {isa = PBXFileReference; explicitFileType = wrapper.application; includeInIndex = 0; path = RaiseCompanyApp.app; sourceTree = BUILT_PRODUCTS_DIR; };
		AF9B19712974B78300A04DBA /* AppDelegate.swift */ = {isa = PBXFileReference; lastKnownFileType = sourcecode.swift; path = AppDelegate.swift; sourceTree = "<group>"; };
		AF9B19732974B78300A04DBA /* SceneDelegate.swift */ = {isa = PBXFileReference; lastKnownFileType = sourcecode.swift; path = SceneDelegate.swift; sourceTree = "<group>"; };
		AF9B19782974B78300A04DBA /* Base */ = {isa = PBXFileReference; lastKnownFileType = file.storyboard; name = Base; path = Base.lproj/Main.storyboard; sourceTree = "<group>"; };
		AF9B197A2974B78400A04DBA /* Assets.xcassets */ = {isa = PBXFileReference; lastKnownFileType = folder.assetcatalog; path = Assets.xcassets; sourceTree = "<group>"; };
		AF9B197D2974B78400A04DBA /* Base */ = {isa = PBXFileReference; lastKnownFileType = file.storyboard; name = Base; path = Base.lproj/LaunchScreen.storyboard; sourceTree = "<group>"; };
		AF9B197F2974B78400A04DBA /* Info.plist */ = {isa = PBXFileReference; lastKnownFileType = text.plist.xml; path = Info.plist; sourceTree = "<group>"; };
		AFBC0E4F298AC9BA0002DDFC /* EstablishmentDetailViewController.swift */ = {isa = PBXFileReference; lastKnownFileType = sourcecode.swift; path = EstablishmentDetailViewController.swift; sourceTree = "<group>"; };
		AFC74F50299ACA8600AE7805 /* Employee.swift */ = {isa = PBXFileReference; lastKnownFileType = sourcecode.swift; name = Employee.swift; path = Domain/Employee.swift; sourceTree = "<group>"; };
		AFCF1368298A607100934EA4 /* Establishment.swift */ = {isa = PBXFileReference; lastKnownFileType = sourcecode.swift; name = Establishment.swift; path = Domain/Establishment.swift; sourceTree = "<group>"; };
		AFE2781F29AAA6170008CFEC /* EditEmployeeViewController.swift */ = {isa = PBXFileReference; lastKnownFileType = sourcecode.swift; path = EditEmployeeViewController.swift; sourceTree = "<group>"; };
		AFFCD1E9299C203000017629 /* ApiManager.swift */ = {isa = PBXFileReference; lastKnownFileType = sourcecode.swift; path = ApiManager.swift; sourceTree = "<group>"; };
		B2B69A363D4CC427D844C10B /* Pods-RaiseCompanyApp.debug.xcconfig */ = {isa = PBXFileReference; includeInIndex = 1; lastKnownFileType = text.xcconfig; name = "Pods-RaiseCompanyApp.debug.xcconfig"; path = "Target Support Files/Pods-RaiseCompanyApp/Pods-RaiseCompanyApp.debug.xcconfig"; sourceTree = "<group>"; };
/* End PBXFileReference section */

/* Begin PBXFrameworksBuildPhase section */
		AF9B196B2974B78300A04DBA /* Frameworks */ = {
			isa = PBXFrameworksBuildPhase;
			buildActionMask = 2147483647;
			files = (
				896A1FBCAA15B2A3F74A8706 /* Pods_RaiseCompanyApp.framework in Frameworks */,
			);
			runOnlyForDeploymentPostprocessing = 0;
		};
/* End PBXFrameworksBuildPhase section */

/* Begin PBXGroup section */
		0D4F16C160527AC33CE73201 /* Pods */ = {
			isa = PBXGroup;
			children = (
				B2B69A363D4CC427D844C10B /* Pods-RaiseCompanyApp.debug.xcconfig */,
				641A4E71A63F44005F9A3D0C /* Pods-RaiseCompanyApp.release.xcconfig */,
			);
			path = Pods;
			sourceTree = "<group>";
		};
		3D90F8964C67E1F31A4405B3 /* Frameworks */ = {
			isa = PBXGroup;
			children = (
				3288570F4B36C202CF50B9DC /* Pods_RaiseCompanyApp.framework */,
			);
			name = Frameworks;
			sourceTree = "<group>";
		};
		AF04C0ED2981E8270007FF2C /* Storyboards */ = {
			isa = PBXGroup;
			children = (
				AF9B197C2974B78400A04DBA /* LaunchScreen.storyboard */,
				AF9B19772974B78300A04DBA /* Main.storyboard */,
				AF6BEF0729AA7B56003ABD05 /* Onboarding.storyboard */,
			);
			path = Storyboards;
			sourceTree = "<group>";
		};
		AF9B19652974B78300A04DBA = {
			isa = PBXGroup;
			children = (
				AF9B19702974B78300A04DBA /* RaiseCompanyApp */,
				AF9B196F2974B78300A04DBA /* Products */,
				0D4F16C160527AC33CE73201 /* Pods */,
				3D90F8964C67E1F31A4405B3 /* Frameworks */,
			);
			sourceTree = "<group>";
		};
		AF9B196F2974B78300A04DBA /* Products */ = {
			isa = PBXGroup;
			children = (
				AF9B196E2974B78300A04DBA /* RaiseCompanyApp.app */,
			);
			name = Products;
			sourceTree = "<group>";
		};
		AF9B19702974B78300A04DBA /* RaiseCompanyApp */ = {
			isa = PBXGroup;
			children = (
				AFB6E7A429797D0500B06CB8 /* Delegate */,
				AF04C0ED2981E8270007FF2C /* Storyboards */,
				AFB6E7A229797CC100B06CB8 /* OnBoarding */,
				AFB6E7A329797CED00B06CB8 /* View extrensions */,
				AF9B197A2974B78400A04DBA /* Assets.xcassets */,
				AFB6E7A529797D5C00B06CB8 /* Views */,
				AFB6E7A729797E0700B06CB8 /* Controllers */,
				AFB6E7A629797D9600B06CB8 /* Model */,
				AF9B197F2974B78400A04DBA /* Info.plist */,
			);
			path = RaiseCompanyApp;
			sourceTree = "<group>";
		};
		AFB6E7A229797CC100B06CB8 /* OnBoarding */ = {
			isa = PBXGroup;
			children = (
				AF06C1672974DDE30063D55A /* OnboardingCollectionViewCell.swift */,
				AF06C1682974DDE30063D55A /* OnboardingSlide.swift */,
				AF06C1662974DDE30063D55A /* OnboardingViewController.swift */,
			);
			path = OnBoarding;
			sourceTree = "<group>";
		};
		AFB6E7A329797CED00B06CB8 /* View extrensions */ = {
			isa = PBXGroup;
			children = (
				AF06C1642974D9B20063D55A /* UIView+Extension.swift */,
			);
			path = "View extrensions";
			sourceTree = "<group>";
		};
		AFB6E7A429797D0500B06CB8 /* Delegate */ = {
			isa = PBXGroup;
			children = (
				AF9B19712974B78300A04DBA /* AppDelegate.swift */,
				AF9B19732974B78300A04DBA /* SceneDelegate.swift */,
			);
			path = Delegate;
			sourceTree = "<group>";
		};
		AFB6E7A529797D5C00B06CB8 /* Views */ = {
			isa = PBXGroup;
			children = (
				AF3323EA298AF4AC00C7065F /* EmployeeCollectionViewCell.swift */,
				AF121795298FDCF6007E4318 /* SquareEmloyeeCollectionViewCell.swift */,
				AF405489298BE2C100D0320F /* EstablishmentTableViewCell.swift */,
			);
			path = Views;
			sourceTree = "<group>";
		};
		AFB6E7A629797D9600B06CB8 /* Model */ = {
			isa = PBXGroup;
			children = (
				AFCF1368298A607100934EA4 /* Establishment.swift */,
				AF91B18E298BB8DB00C87A21 /* Review.swift */,
				AFC74F50299ACA8600AE7805 /* Employee.swift */,
				AFFCD1E9299C203000017629 /* ApiManager.swift */,
			);
			path = Model;
			sourceTree = "<group>";
		};
		AFB6E7A729797E0700B06CB8 /* Controllers */ = {
			isa = PBXGroup;
			children = (
				AF45A1F529A6191400C8A71C /* MyProfileViewController.swift */,
				AF12179929903D27007E4318 /* LogInViewController.swift */,
				AF405487298BD85800D0320F /* IncidentsViewController.swift */,
				AF1217972990061D007E4318 /* AddEmployeeViewController.swift */,
				AF04C0E92981E5D00007FF2C /* AddEstablishmentViewController.swift */,
				AF121793298EAD3E007E4318 /* EmployeesListViewController.swift */,
				AF4403D9298094EA008014E6 /* EstablishmentsListViewController.swift */,
				AFBC0E4F298AC9BA0002DDFC /* EstablishmentDetailViewController.swift */,
				AF405483298BBFF800D0320F /* ReviewsListViewController.swift */,
				AF891A9C29A17B2F00F87EE5 /* EditEstablishmentViewController.swift */,
				AF8DBE9D29A4BD2D002D2F1B /* EmployeeDetailViewController.swift */,
				AFE2781F29AAA6170008CFEC /* EditEmployeeViewController.swift */,
			);
			path = Controllers;
			sourceTree = "<group>";
		};
/* End PBXGroup section */

/* Begin PBXNativeTarget section */
		AF9B196D2974B78300A04DBA /* RaiseCompanyApp */ = {
			isa = PBXNativeTarget;
			buildConfigurationList = AF9B19822974B78400A04DBA /* Build configuration list for PBXNativeTarget "RaiseCompanyApp" */;
			buildPhases = (
				24AFBF0A057E58108E04D5C5 /* [CP] Check Pods Manifest.lock */,
				AF9B196A2974B78300A04DBA /* Sources */,
				AF9B196B2974B78300A04DBA /* Frameworks */,
				AF9B196C2974B78300A04DBA /* Resources */,
				4F14C26CB849C86D4931F99E /* [CP] Embed Pods Frameworks */,
			);
			buildRules = (
			);
			dependencies = (
			);
			name = RaiseCompanyApp;
			productName = RaiseCompanyApp;
			productReference = AF9B196E2974B78300A04DBA /* RaiseCompanyApp.app */;
			productType = "com.apple.product-type.application";
		};
/* End PBXNativeTarget section */

/* Begin PBXProject section */
		AF9B19662974B78300A04DBA /* Project object */ = {
			isa = PBXProject;
			attributes = {
				BuildIndependentTargetsInParallel = 1;
				LastSwiftUpdateCheck = 1420;
				LastUpgradeCheck = 1420;
				TargetAttributes = {
					AF9B196D2974B78300A04DBA = {
						CreatedOnToolsVersion = 14.2;
					};
				};
			};
			buildConfigurationList = AF9B19692974B78300A04DBA /* Build configuration list for PBXProject "RaiseCompanyApp" */;
			compatibilityVersion = "Xcode 13.0";
			developmentRegion = en;
			hasScannedForEncodings = 0;
			knownRegions = (
				en,
				Base,
			);
			mainGroup = AF9B19652974B78300A04DBA;
			productRefGroup = AF9B196F2974B78300A04DBA /* Products */;
			projectDirPath = "";
			projectRoot = "";
			targets = (
				AF9B196D2974B78300A04DBA /* RaiseCompanyApp */,
			);
		};
/* End PBXProject section */

/* Begin PBXResourcesBuildPhase section */
		AF9B196C2974B78300A04DBA /* Resources */ = {
			isa = PBXResourcesBuildPhase;
			buildActionMask = 2147483647;
			files = (
				AF9B197E2974B78400A04DBA /* LaunchScreen.storyboard in Resources */,
				AF9B197B2974B78400A04DBA /* Assets.xcassets in Resources */,
				AF9B19792974B78300A04DBA /* Main.storyboard in Resources */,
				AF6BEF0829AA7B56003ABD05 /* Onboarding.storyboard in Resources */,
			);
			runOnlyForDeploymentPostprocessing = 0;
		};
/* End PBXResourcesBuildPhase section */

/* Begin PBXShellScriptBuildPhase section */
		24AFBF0A057E58108E04D5C5 /* [CP] Check Pods Manifest.lock */ = {
			isa = PBXShellScriptBuildPhase;
			buildActionMask = 2147483647;
			files = (
			);
			inputFileListPaths = (
			);
			inputPaths = (
				"${PODS_PODFILE_DIR_PATH}/Podfile.lock",
				"${PODS_ROOT}/Manifest.lock",
			);
			name = "[CP] Check Pods Manifest.lock";
			outputFileListPaths = (
			);
			outputPaths = (
				"$(DERIVED_FILE_DIR)/Pods-RaiseCompanyApp-checkManifestLockResult.txt",
			);
			runOnlyForDeploymentPostprocessing = 0;
			shellPath = /bin/sh;
			shellScript = "diff \"${PODS_PODFILE_DIR_PATH}/Podfile.lock\" \"${PODS_ROOT}/Manifest.lock\" > /dev/null\nif [ $? != 0 ] ; then\n    # print error to STDERR\n    echo \"error: The sandbox is not in sync with the Podfile.lock. Run 'pod install' or update your CocoaPods installation.\" >&2\n    exit 1\nfi\n# This output is used by Xcode 'outputs' to avoid re-running this script phase.\necho \"SUCCESS\" > \"${SCRIPT_OUTPUT_FILE_0}\"\n";
			showEnvVarsInLog = 0;
		};
		4F14C26CB849C86D4931F99E /* [CP] Embed Pods Frameworks */ = {
			isa = PBXShellScriptBuildPhase;
			buildActionMask = 2147483647;
			files = (
			);
			inputFileListPaths = (
				"${PODS_ROOT}/Target Support Files/Pods-RaiseCompanyApp/Pods-RaiseCompanyApp-frameworks-${CONFIGURATION}-input-files.xcfilelist",
			);
			name = "[CP] Embed Pods Frameworks";
			outputFileListPaths = (
				"${PODS_ROOT}/Target Support Files/Pods-RaiseCompanyApp/Pods-RaiseCompanyApp-frameworks-${CONFIGURATION}-output-files.xcfilelist",
			);
			runOnlyForDeploymentPostprocessing = 0;
			shellPath = /bin/sh;
			shellScript = "\"${PODS_ROOT}/Target Support Files/Pods-RaiseCompanyApp/Pods-RaiseCompanyApp-frameworks.sh\"\n";
			showEnvVarsInLog = 0;
		};
/* End PBXShellScriptBuildPhase section */

/* Begin PBXSourcesBuildPhase section */
		AF9B196A2974B78300A04DBA /* Sources */ = {
			isa = PBXSourcesBuildPhase;
			buildActionMask = 2147483647;
			files = (
				AFCF1369298A607100934EA4 /* Establishment.swift in Sources */,
				AF405488298BD85800D0320F /* IncidentsViewController.swift in Sources */,
				AF12179A29903D27007E4318 /* LogInViewController.swift in Sources */,
				AF4403DA298094EA008014E6 /* EstablishmentsListViewController.swift in Sources */,
				AF06C1652974D9B20063D55A /* UIView+Extension.swift in Sources */,
				AF121796298FDCF6007E4318 /* SquareEmloyeeCollectionViewCell.swift in Sources */,
				AF405484298BBFF800D0320F /* ReviewsListViewController.swift in Sources */,
				AF04C0EA2981E5D00007FF2C /* AddEstablishmentViewController.swift in Sources */,
				AF9B19722974B78300A04DBA /* AppDelegate.swift in Sources */,
				AF06C16A2974DDE30063D55A /* OnboardingCollectionViewCell.swift in Sources */,
				AF06C1692974DDE30063D55A /* OnboardingViewController.swift in Sources */,
				AF121794298EAD3E007E4318 /* EmployeesListViewController.swift in Sources */,
				AF40548A298BE2C100D0320F /* EstablishmentTableViewCell.swift in Sources */,
				AFC74F51299ACA8600AE7805 /* Employee.swift in Sources */,
				AF45A1F629A6191400C8A71C /* MyProfileViewController.swift in Sources */,
				AF1217982990061D007E4318 /* AddEmployeeViewController.swift in Sources */,
				AFE2782029AAA6170008CFEC /* EditEmployeeViewController.swift in Sources */,
				AF891A9D29A17B2F00F87EE5 /* EditEstablishmentViewController.swift in Sources */,
				AF91B18F298BB8DB00C87A21 /* Review.swift in Sources */,
				AF9B19742974B78300A04DBA /* SceneDelegate.swift in Sources */,
				AF06C16B2974DDE30063D55A /* OnboardingSlide.swift in Sources */,
				AF3323EB298AF4AC00C7065F /* EmployeeCollectionViewCell.swift in Sources */,
				AF8DBE9E29A4BD2E002D2F1B /* EmployeeDetailViewController.swift in Sources */,
				AFBC0E50298AC9BA0002DDFC /* EstablishmentDetailViewController.swift in Sources */,
				AFFCD1EA299C203000017629 /* ApiManager.swift in Sources */,
			);
			runOnlyForDeploymentPostprocessing = 0;
		};
/* End PBXSourcesBuildPhase section */

/* Begin PBXVariantGroup section */
		AF9B19772974B78300A04DBA /* Main.storyboard */ = {
			isa = PBXVariantGroup;
			children = (
				AF9B19782974B78300A04DBA /* Base */,
			);
			name = Main.storyboard;
			sourceTree = "<group>";
		};
		AF9B197C2974B78400A04DBA /* LaunchScreen.storyboard */ = {
			isa = PBXVariantGroup;
			children = (
				AF9B197D2974B78400A04DBA /* Base */,
			);
			name = LaunchScreen.storyboard;
			sourceTree = "<group>";
		};
/* End PBXVariantGroup section */

/* Begin XCBuildConfiguration section */
		AF9B19802974B78400A04DBA /* Debug */ = {
			isa = XCBuildConfiguration;
			buildSettings = {
				ALWAYS_SEARCH_USER_PATHS = NO;
				CLANG_ANALYZER_NONNULL = YES;
				CLANG_ANALYZER_NUMBER_OBJECT_CONVERSION = YES_AGGRESSIVE;
				CLANG_CXX_LANGUAGE_STANDARD = "gnu++20";
				CLANG_ENABLE_MODULES = YES;
				CLANG_ENABLE_OBJC_ARC = YES;
				CLANG_ENABLE_OBJC_WEAK = YES;
				CLANG_WARN_BLOCK_CAPTURE_AUTORELEASING = YES;
				CLANG_WARN_BOOL_CONVERSION = YES;
				CLANG_WARN_COMMA = YES;
				CLANG_WARN_CONSTANT_CONVERSION = YES;
				CLANG_WARN_DEPRECATED_OBJC_IMPLEMENTATIONS = YES;
				CLANG_WARN_DIRECT_OBJC_ISA_USAGE = YES_ERROR;
				CLANG_WARN_DOCUMENTATION_COMMENTS = YES;
				CLANG_WARN_EMPTY_BODY = YES;
				CLANG_WARN_ENUM_CONVERSION = YES;
				CLANG_WARN_INFINITE_RECURSION = YES;
				CLANG_WARN_INT_CONVERSION = YES;
				CLANG_WARN_NON_LITERAL_NULL_CONVERSION = YES;
				CLANG_WARN_OBJC_IMPLICIT_RETAIN_SELF = YES;
				CLANG_WARN_OBJC_LITERAL_CONVERSION = YES;
				CLANG_WARN_OBJC_ROOT_CLASS = YES_ERROR;
				CLANG_WARN_QUOTED_INCLUDE_IN_FRAMEWORK_HEADER = YES;
				CLANG_WARN_RANGE_LOOP_ANALYSIS = YES;
				CLANG_WARN_STRICT_PROTOTYPES = YES;
				CLANG_WARN_SUSPICIOUS_MOVE = YES;
				CLANG_WARN_UNGUARDED_AVAILABILITY = YES_AGGRESSIVE;
				CLANG_WARN_UNREACHABLE_CODE = YES;
				CLANG_WARN__DUPLICATE_METHOD_MATCH = YES;
				COPY_PHASE_STRIP = NO;
				DEBUG_INFORMATION_FORMAT = dwarf;
				ENABLE_STRICT_OBJC_MSGSEND = YES;
				ENABLE_TESTABILITY = YES;
				GCC_C_LANGUAGE_STANDARD = gnu11;
				GCC_DYNAMIC_NO_PIC = NO;
				GCC_NO_COMMON_BLOCKS = YES;
				GCC_OPTIMIZATION_LEVEL = 0;
				GCC_PREPROCESSOR_DEFINITIONS = (
					"DEBUG=1",
					"$(inherited)",
				);
				GCC_WARN_64_TO_32_BIT_CONVERSION = YES;
				GCC_WARN_ABOUT_RETURN_TYPE = YES_ERROR;
				GCC_WARN_UNDECLARED_SELECTOR = YES;
				GCC_WARN_UNINITIALIZED_AUTOS = YES_AGGRESSIVE;
				GCC_WARN_UNUSED_FUNCTION = YES;
				GCC_WARN_UNUSED_VARIABLE = YES;
				IPHONEOS_DEPLOYMENT_TARGET = 15.5;
				MTL_ENABLE_DEBUG_INFO = INCLUDE_SOURCE;
				MTL_FAST_MATH = YES;
				ONLY_ACTIVE_ARCH = YES;
				SDKROOT = iphoneos;
				SWIFT_ACTIVE_COMPILATION_CONDITIONS = DEBUG;
				SWIFT_OPTIMIZATION_LEVEL = "-Onone";
			};
			name = Debug;
		};
		AF9B19812974B78400A04DBA /* Release */ = {
			isa = XCBuildConfiguration;
			buildSettings = {
				ALWAYS_SEARCH_USER_PATHS = NO;
				CLANG_ANALYZER_NONNULL = YES;
				CLANG_ANALYZER_NUMBER_OBJECT_CONVERSION = YES_AGGRESSIVE;
				CLANG_CXX_LANGUAGE_STANDARD = "gnu++20";
				CLANG_ENABLE_MODULES = YES;
				CLANG_ENABLE_OBJC_ARC = YES;
				CLANG_ENABLE_OBJC_WEAK = YES;
				CLANG_WARN_BLOCK_CAPTURE_AUTORELEASING = YES;
				CLANG_WARN_BOOL_CONVERSION = YES;
				CLANG_WARN_COMMA = YES;
				CLANG_WARN_CONSTANT_CONVERSION = YES;
				CLANG_WARN_DEPRECATED_OBJC_IMPLEMENTATIONS = YES;
				CLANG_WARN_DIRECT_OBJC_ISA_USAGE = YES_ERROR;
				CLANG_WARN_DOCUMENTATION_COMMENTS = YES;
				CLANG_WARN_EMPTY_BODY = YES;
				CLANG_WARN_ENUM_CONVERSION = YES;
				CLANG_WARN_INFINITE_RECURSION = YES;
				CLANG_WARN_INT_CONVERSION = YES;
				CLANG_WARN_NON_LITERAL_NULL_CONVERSION = YES;
				CLANG_WARN_OBJC_IMPLICIT_RETAIN_SELF = YES;
				CLANG_WARN_OBJC_LITERAL_CONVERSION = YES;
				CLANG_WARN_OBJC_ROOT_CLASS = YES_ERROR;
				CLANG_WARN_QUOTED_INCLUDE_IN_FRAMEWORK_HEADER = YES;
				CLANG_WARN_RANGE_LOOP_ANALYSIS = YES;
				CLANG_WARN_STRICT_PROTOTYPES = YES;
				CLANG_WARN_SUSPICIOUS_MOVE = YES;
				CLANG_WARN_UNGUARDED_AVAILABILITY = YES_AGGRESSIVE;
				CLANG_WARN_UNREACHABLE_CODE = YES;
				CLANG_WARN__DUPLICATE_METHOD_MATCH = YES;
				COPY_PHASE_STRIP = NO;
				DEBUG_INFORMATION_FORMAT = "dwarf-with-dsym";
				ENABLE_NS_ASSERTIONS = NO;
				ENABLE_STRICT_OBJC_MSGSEND = YES;
				GCC_C_LANGUAGE_STANDARD = gnu11;
				GCC_NO_COMMON_BLOCKS = YES;
				GCC_WARN_64_TO_32_BIT_CONVERSION = YES;
				GCC_WARN_ABOUT_RETURN_TYPE = YES_ERROR;
				GCC_WARN_UNDECLARED_SELECTOR = YES;
				GCC_WARN_UNINITIALIZED_AUTOS = YES_AGGRESSIVE;
				GCC_WARN_UNUSED_FUNCTION = YES;
				GCC_WARN_UNUSED_VARIABLE = YES;
				IPHONEOS_DEPLOYMENT_TARGET = 15.5;
				MTL_ENABLE_DEBUG_INFO = NO;
				MTL_FAST_MATH = YES;
				SDKROOT = iphoneos;
				SWIFT_COMPILATION_MODE = wholemodule;
				SWIFT_OPTIMIZATION_LEVEL = "-O";
				VALIDATE_PRODUCT = YES;
			};
			name = Release;
		};
		AF9B19832974B78400A04DBA /* Debug */ = {
			isa = XCBuildConfiguration;
			baseConfigurationReference = B2B69A363D4CC427D844C10B /* Pods-RaiseCompanyApp.debug.xcconfig */;
			buildSettings = {
				ASSETCATALOG_COMPILER_APPICON_NAME = AppIcon;
				ASSETCATALOG_COMPILER_GLOBAL_ACCENT_COLOR_NAME = AccentColor;
				ASSETCATALOG_COMPILER_INCLUDE_ALL_APPICON_ASSETS = NO;
				CODE_SIGN_STYLE = Automatic;
				CURRENT_PROJECT_VERSION = 1;
				DEVELOPMENT_TEAM = M6SJULPZBG;
				GENERATE_INFOPLIST_FILE = YES;
				INFOPLIST_FILE = RaiseCompanyApp/Info.plist;
				INFOPLIST_KEY_CFBundleDisplayName = "Raise Company";
				INFOPLIST_KEY_UIApplicationSupportsIndirectInputEvents = YES;
				INFOPLIST_KEY_UILaunchStoryboardName = LaunchScreen;
				INFOPLIST_KEY_UIMainStoryboardFile = Main;
				INFOPLIST_KEY_UISupportedInterfaceOrientations_iPad = "UIInterfaceOrientationPortrait UIInterfaceOrientationPortraitUpsideDown UIInterfaceOrientationLandscapeLeft UIInterfaceOrientationLandscapeRight";
				INFOPLIST_KEY_UISupportedInterfaceOrientations_iPhone = "UIInterfaceOrientationPortrait UIInterfaceOrientationLandscapeLeft UIInterfaceOrientationLandscapeRight";
				IPHONEOS_DEPLOYMENT_TARGET = 15.5;
				LD_RUNPATH_SEARCH_PATHS = (
					"$(inherited)",
					"@executable_path/Frameworks",
				);
				MARKETING_VERSION = 1.0;
				PRODUCT_BUNDLE_IDENTIFIER = com.albamei.RaiseCompanyApp;
				PRODUCT_NAME = "$(TARGET_NAME)";
				SWIFT_EMIT_LOC_STRINGS = YES;
				SWIFT_VERSION = 5.0;
				TARGETED_DEVICE_FAMILY = "1,2";
			};
			name = Debug;
		};
		AF9B19842974B78400A04DBA /* Release */ = {
			isa = XCBuildConfiguration;
			baseConfigurationReference = 641A4E71A63F44005F9A3D0C /* Pods-RaiseCompanyApp.release.xcconfig */;
			buildSettings = {
				ASSETCATALOG_COMPILER_APPICON_NAME = AppIcon;
				ASSETCATALOG_COMPILER_GLOBAL_ACCENT_COLOR_NAME = AccentColor;
				ASSETCATALOG_COMPILER_INCLUDE_ALL_APPICON_ASSETS = NO;
				CODE_SIGN_STYLE = Automatic;
				CURRENT_PROJECT_VERSION = 1;
				DEVELOPMENT_TEAM = M6SJULPZBG;
				GENERATE_INFOPLIST_FILE = YES;
				INFOPLIST_FILE = RaiseCompanyApp/Info.plist;
				INFOPLIST_KEY_CFBundleDisplayName = "Raise Company";
				INFOPLIST_KEY_UIApplicationSupportsIndirectInputEvents = YES;
				INFOPLIST_KEY_UILaunchStoryboardName = LaunchScreen;
				INFOPLIST_KEY_UIMainStoryboardFile = Main;
				INFOPLIST_KEY_UISupportedInterfaceOrientations_iPad = "UIInterfaceOrientationPortrait UIInterfaceOrientationPortraitUpsideDown UIInterfaceOrientationLandscapeLeft UIInterfaceOrientationLandscapeRight";
				INFOPLIST_KEY_UISupportedInterfaceOrientations_iPhone = "UIInterfaceOrientationPortrait UIInterfaceOrientationLandscapeLeft UIInterfaceOrientationLandscapeRight";
				IPHONEOS_DEPLOYMENT_TARGET = 15.5;
				LD_RUNPATH_SEARCH_PATHS = (
					"$(inherited)",
					"@executable_path/Frameworks",
				);
				MARKETING_VERSION = 1.0;
				PRODUCT_BUNDLE_IDENTIFIER = com.albamei.RaiseCompanyApp;
				PRODUCT_NAME = "$(TARGET_NAME)";
				SWIFT_EMIT_LOC_STRINGS = YES;
				SWIFT_VERSION = 5.0;
				TARGETED_DEVICE_FAMILY = "1,2";
			};
			name = Release;
		};
/* End XCBuildConfiguration section */

/* Begin XCConfigurationList section */
		AF9B19692974B78300A04DBA /* Build configuration list for PBXProject "RaiseCompanyApp" */ = {
			isa = XCConfigurationList;
			buildConfigurations = (
				AF9B19802974B78400A04DBA /* Debug */,
				AF9B19812974B78400A04DBA /* Release */,
			);
			defaultConfigurationIsVisible = 0;
			defaultConfigurationName = Release;
		};
		AF9B19822974B78400A04DBA /* Build configuration list for PBXNativeTarget "RaiseCompanyApp" */ = {
			isa = XCConfigurationList;
			buildConfigurations = (
				AF9B19832974B78400A04DBA /* Debug */,
				AF9B19842974B78400A04DBA /* Release */,
			);
			defaultConfigurationIsVisible = 0;
			defaultConfigurationName = Release;
		};
/* End XCConfigurationList section */
	};
	rootObject = AF9B19662974B78300A04DBA /* Project object */;
}
